Microsoft Visual Studio Solution File, Format Version 12.00
# Visual Studio Version 17
VisualStudioVersion = 17.5.2.0
MinimumVisualStudioVersion = 10.0.40219.1
Project("{FAE04EC0-301F-11D3-BF4B-00C04F79EFBC}") = "EmployeeMennage", "EmployeeMennage.csproj", "{00547791-8A2D-514C-E746-5F35EF2869F9}"
EndProject
Global
	GlobalSection(SolutionConfigurationPlatforms) = preSolution
		Debug|Any CPU = Debug|Any CPU
		Release|Any CPU = Release|Any CPU
	EndGlobalSection
	GlobalSection(ProjectConfigurationPlatforms) = postSolution
		{00547791-8A2D-514C-E746-5F35EF2869F9}.Debug|Any CPU.ActiveCfg = Debug|Any CPU
		{00547791-8A2D-514C-E746-5F35EF2869F9}.Debug|Any CPU.Build.0 = Debug|Any CPU
		{00547791-8A2D-514C-E746-5F35EF2869F9}.Release|Any CPU.ActiveCfg = Release|Any CPU
		{00547791-8A2D-514C-E746-5F35EF2869F9}.Release|Any CPU.Build.0 = Release|Any CPU
	EndGlobalSection
	GlobalSection(SolutionProperties) = preSolution
		HideSolutionNode = FALSE
	EndGlobalSection
	GlobalSection(ExtensibilityGlobals) = postSolution
		SolutionGuid = {47482DDE-60B5-4E41-8019-71484124D09A}
	EndGlobalSection
EndGlobal
